
Microsoft Visual Studio Solution File, Format Version 12.00
# Visual Studio Version 17
VisualStudioVersion = 17.11.35303.130
MinimumVisualStudioVersion = 10.0.40219.1
Project("{9A19103F-16F7-4668-BE54-9A1E7A4F7556}") = "DesignPatterns.Behavioral.Visitor", "DesignPatterns.Behavioral.Visitor\DesignPatterns.Behavioral.Visitor.csproj", "{340DEEC1-D5BC-495A-80EC-B46D3427EEF7}"
EndProject
Project("{FAE04EC0-301F-11D3-BF4B-00C04F79EFBC}") = "DesignPatterns.Behavioral.Strategy", "DesignPatterns.Behavioral.Strategy\DesignPatterns.Behavioral.Strategy.csproj", "{38B616F9-F4DB-4113-9315-5694C35DF095}"
EndProject
Global
	GlobalSection(SolutionConfigurationPlatforms) = preSolution
		Debug|Any CPU = Debug|Any CPU
		Release|Any CPU = Release|Any CPU
	EndGlobalSection
	GlobalSection(ProjectConfigurationPlatforms) = postSolution
		{340DEEC1-D5BC-495A-80EC-B46D3427EEF7}.Debug|Any CPU.ActiveCfg = Debug|Any CPU
		{340DEEC1-D5BC-495A-80EC-B46D3427EEF7}.Debug|Any CPU.Build.0 = Debug|Any CPU
		{340DEEC1-D5BC-495A-80EC-B46D3427EEF7}.Release|Any CPU.ActiveCfg = Release|Any CPU
		{340DEEC1-D5BC-495A-80EC-B46D3427EEF7}.Release|Any CPU.Build.0 = Release|Any CPU
		{38B616F9-F4DB-4113-9315-5694C35DF095}.Debug|Any CPU.ActiveCfg = Debug|Any CPU
		{38B616F9-F4DB-4113-9315-5694C35DF095}.Debug|Any CPU.Build.0 = Debug|Any CPU
		{38B616F9-F4DB-4113-9315-5694C35DF095}.Release|Any CPU.ActiveCfg = Release|Any CPU
		{38B616F9-F4DB-4113-9315-5694C35DF095}.Release|Any CPU.Build.0 = Release|Any CPU
	EndGlobalSection
	GlobalSection(SolutionProperties) = preSolution
		HideSolutionNode = FALSE
	EndGlobalSection
	GlobalSection(ExtensibilityGlobals) = postSolution
		SolutionGuid = {A4470687-DE5C-43F3-88F6-D3407E29BD88}
	EndGlobalSection
EndGlobal
